// !$*UTF8*$!
{
	archiveVersion = 1;
	classes = {
	};
	objectVersion = 51;
	objects = {

/* Begin PBXBuildFile section */
		56F3FFDB29169B263B008A50 /* Pods_Downloading_Caching_DecodingImage.framework in Frameworks */ = {isa = PBXBuildFile; fileRef = 4E49EA42F92644974C9A3D46 /* Pods_Downloading_Caching_DecodingImage.framework */; };
		C086428D23B0889A00D63544 /* AppDelegate.swift in Sources */ = {isa = PBXBuildFile; fileRef = C086428C23B0889A00D63544 /* AppDelegate.swift */; };
		C086428F23B0889A00D63544 /* SceneDelegate.swift in Sources */ = {isa = PBXBuildFile; fileRef = C086428E23B0889A00D63544 /* SceneDelegate.swift */; };
		C086429423B0889A00D63544 /* Main.storyboard in Resources */ = {isa = PBXBuildFile; fileRef = C086429223B0889A00D63544 /* Main.storyboard */; };
		C086429623B088A100D63544 /* Assets.xcassets in Resources */ = {isa = PBXBuildFile; fileRef = C086429523B088A100D63544 /* Assets.xcassets */; };
		C086429923B088A100D63544 /* LaunchScreen.storyboard in Resources */ = {isa = PBXBuildFile; fileRef = C086429723B088A100D63544 /* LaunchScreen.storyboard */; };
		C0F8800C23B0E1C20064FCF0 /* PhotoCollectionViewCell.swift in Sources */ = {isa = PBXBuildFile; fileRef = C0F8800A23B0E1C20064FCF0 /* PhotoCollectionViewCell.swift */; };
		C0F8800D23B0E1C20064FCF0 /* PhotoCollectionViewCell.xib in Resources */ = {isa = PBXBuildFile; fileRef = C0F8800B23B0E1C20064FCF0 /* PhotoCollectionViewCell.xib */; };
		C0F8800F23B0E4240064FCF0 /* GlacierScenics.plist in Resources */ = {isa = PBXBuildFile; fileRef = C0F8800E23B0E4240064FCF0 /* GlacierScenics.plist */; };
		C0F8801123B0E9860064FCF0 /* Photo.swift in Sources */ = {isa = PBXBuildFile; fileRef = C0F8801023B0E9860064FCF0 /* Photo.swift */; };
		C0F8801323B0E9CA0064FCF0 /* PhotosManager.swift in Sources */ = {isa = PBXBuildFile; fileRef = C0F8801223B0E9CA0064FCF0 /* PhotosManager.swift */; };
		C0F8801523B0EBF60064FCF0 /* PhotosCollectionViewController.swift in Sources */ = {isa = PBXBuildFile; fileRef = C0F8801423B0EBF60064FCF0 /* PhotosCollectionViewController.swift */; };
/* End PBXBuildFile section */

/* Begin PBXFileReference section */
		4279C32FC0A0F9A80D4139D8 /* Pods-Downloading_Caching_DecodingImage.debug.xcconfig */ = {isa = PBXFileReference; includeInIndex = 1; lastKnownFileType = text.xcconfig; name = "Pods-Downloading_Caching_DecodingImage.debug.xcconfig"; path = "Target Support Files/Pods-Downloading_Caching_DecodingImage/Pods-Downloading_Caching_DecodingImage.debug.xcconfig"; sourceTree = "<group>"; };
		4E49EA42F92644974C9A3D46 /* Pods_Downloading_Caching_DecodingImage.framework */ = {isa = PBXFileReference; explicitFileType = wrapper.framework; includeInIndex = 0; path = Pods_Downloading_Caching_DecodingImage.framework; sourceTree = BUILT_PRODUCTS_DIR; };
		A9FC47B549320FF8953A9F84 /* Pods-Downloading_Caching_DecodingImage.release.xcconfig */ = {isa = PBXFileReference; includeInIndex = 1; lastKnownFileType = text.xcconfig; name = "Pods-Downloading_Caching_DecodingImage.release.xcconfig"; path = "Target Support Files/Pods-Downloading_Caching_DecodingImage/Pods-Downloading_Caching_DecodingImage.release.xcconfig"; sourceTree = "<group>"; };
		C086428923B0889A00D63544 /* Downloading_Caching_DecodingImage.app */ = {isa = PBXFileReference; explicitFileType = wrapper.application; includeInIndex = 0; path = Downloading_Caching_DecodingImage.app; sourceTree = BUILT_PRODUCTS_DIR; };
		C086428C23B0889A00D63544 /* AppDelegate.swift */ = {isa = PBXFileReference; lastKnownFileType = sourcecode.swift; path = AppDelegate.swift; sourceTree = "<group>"; };
		C086428E23B0889A00D63544 /* SceneDelegate.swift */ = {isa = PBXFileReference; lastKnownFileType = sourcecode.swift; path = SceneDelegate.swift; sourceTree = "<group>"; };
		C086429323B0889A00D63544 /* Base */ = {isa = PBXFileReference; lastKnownFileType = file.storyboard; name = Base; path = Base.lproj/Main.storyboard; sourceTree = "<group>"; };
		C086429523B088A100D63544 /* Assets.xcassets */ = {isa = PBXFileReference; lastKnownFileType = folder.assetcatalog; path = Assets.xcassets; sourceTree = "<group>"; };
		C086429823B088A100D63544 /* Base */ = {isa = PBXFileReference; lastKnownFileType = file.storyboard; name = Base; path = Base.lproj/LaunchScreen.storyboard; sourceTree = "<group>"; };
		C086429A23B088A100D63544 /* Info.plist */ = {isa = PBXFileReference; lastKnownFileType = text.plist.xml; path = Info.plist; sourceTree = "<group>"; };
		C0F8800A23B0E1C20064FCF0 /* PhotoCollectionViewCell.swift */ = {isa = PBXFileReference; lastKnownFileType = sourcecode.swift; path = PhotoCollectionViewCell.swift; sourceTree = "<group>"; };
		C0F8800B23B0E1C20064FCF0 /* PhotoCollectionViewCell.xib */ = {isa = PBXFileReference; lastKnownFileType = file.xib; path = PhotoCollectionViewCell.xib; sourceTree = "<group>"; };
		C0F8800E23B0E4240064FCF0 /* GlacierScenics.plist */ = {isa = PBXFileReference; lastKnownFileType = text.plist.xml; path = GlacierScenics.plist; sourceTree = "<group>"; };
		C0F8801023B0E9860064FCF0 /* Photo.swift */ = {isa = PBXFileReference; lastKnownFileType = sourcecode.swift; path = Photo.swift; sourceTree = "<group>"; };
		C0F8801223B0E9CA0064FCF0 /* PhotosManager.swift */ = {isa = PBXFileReference; lastKnownFileType = sourcecode.swift; path = PhotosManager.swift; sourceTree = "<group>"; };
		C0F8801423B0EBF60064FCF0 /* PhotosCollectionViewController.swift */ = {isa = PBXFileReference; lastKnownFileType = sourcecode.swift; path = PhotosCollectionViewController.swift; sourceTree = "<group>"; };
/* End PBXFileReference section */

/* Begin PBXFrameworksBuildPhase section */
		C086428623B0889A00D63544 /* Frameworks */ = {
			isa = PBXFrameworksBuildPhase;
			buildActionMask = 2147483647;
			files = (
				56F3FFDB29169B263B008A50 /* Pods_Downloading_Caching_DecodingImage.framework in Frameworks */,
			);
			runOnlyForDeploymentPostprocessing = 0;
		};
/* End PBXFrameworksBuildPhase section */

/* Begin PBXGroup section */
		6C2D4F15544F648F2A773C10 /* Frameworks */ = {
			isa = PBXGroup;
			children = (
				4E49EA42F92644974C9A3D46 /* Pods_Downloading_Caching_DecodingImage.framework */,
			);
			name = Frameworks;
			sourceTree = "<group>";
		};
		C086428023B0889A00D63544 = {
			isa = PBXGroup;
			children = (
				C086428B23B0889A00D63544 /* Downloading_Caching_DecodingImage */,
				C086428A23B0889A00D63544 /* Products */,
				D1B08DE6958F9827B5B6D5BF /* Pods */,
				6C2D4F15544F648F2A773C10 /* Frameworks */,
			);
			sourceTree = "<group>";
		};
		C086428A23B0889A00D63544 /* Products */ = {
			isa = PBXGroup;
			children = (
				C086428923B0889A00D63544 /* Downloading_Caching_DecodingImage.app */,
			);
			name = Products;
			sourceTree = "<group>";
		};
		C086428B23B0889A00D63544 /* Downloading_Caching_DecodingImage */ = {
			isa = PBXGroup;
			children = (
				C0F8800923B0E16B0064FCF0 /* Controllers */,
				C0F8800823B0E15F0064FCF0 /* Data */,
				C0F8800723B0E1530064FCF0 /* Views */,
				C086428C23B0889A00D63544 /* AppDelegate.swift */,
				C086428E23B0889A00D63544 /* SceneDelegate.swift */,
				C086429223B0889A00D63544 /* Main.storyboard */,
				C086429523B088A100D63544 /* Assets.xcassets */,
				C086429723B088A100D63544 /* LaunchScreen.storyboard */,
				C086429A23B088A100D63544 /* Info.plist */,
			);
			path = Downloading_Caching_DecodingImage;
			sourceTree = "<group>";
		};
		C0F8800723B0E1530064FCF0 /* Views */ = {
			isa = PBXGroup;
			children = (
				C0F8800A23B0E1C20064FCF0 /* PhotoCollectionViewCell.swift */,
				C0F8800B23B0E1C20064FCF0 /* PhotoCollectionViewCell.xib */,
			);
			path = Views;
			sourceTree = "<group>";
		};
		C0F8800823B0E15F0064FCF0 /* Data */ = {
			isa = PBXGroup;
			children = (
				C0F8800E23B0E4240064FCF0 /* GlacierScenics.plist */,
				C0F8801023B0E9860064FCF0 /* Photo.swift */,
				C0F8801223B0E9CA0064FCF0 /* PhotosManager.swift */,
			);
			path = Data;
			sourceTree = "<group>";
		};
		C0F8800923B0E16B0064FCF0 /* Controllers */ = {
			isa = PBXGroup;
			children = (
				C0F8801423B0EBF60064FCF0 /* PhotosCollectionViewController.swift */,
			);
			path = Controllers;
			sourceTree = "<group>";
		};
		D1B08DE6958F9827B5B6D5BF /* Pods */ = {
			isa = PBXGroup;
			children = (
				4279C32FC0A0F9A80D4139D8 /* Pods-Downloading_Caching_DecodingImage.debug.xcconfig */,
				A9FC47B549320FF8953A9F84 /* Pods-Downloading_Caching_DecodingImage.release.xcconfig */,
			);
			path = Pods;
			sourceTree = "<group>";
		};
/* End PBXGroup section */

/* Begin PBXNativeTarget section */
		C086428823B0889A00D63544 /* Downloading_Caching_DecodingImage */ = {
			isa = PBXNativeTarget;
			buildConfigurationList = C086429D23B088A100D63544 /* Build configuration list for PBXNativeTarget "Downloading_Caching_DecodingImage" */;
			buildPhases = (
				BF0C15CAAADAE8687A87B670 /* [CP] Check Pods Manifest.lock */,
				C086428523B0889A00D63544 /* Sources */,
				C086428623B0889A00D63544 /* Frameworks */,
				C086428723B0889A00D63544 /* Resources */,
				C598DC3C6489F721A6798DF3 /* [CP] Embed Pods Frameworks */,
			);
			buildRules = (
			);
			dependencies = (
			);
			name = Downloading_Caching_DecodingImage;
			productName = Downloading_Caching_DecodingImage;
			productReference = C086428923B0889A00D63544 /* Downloading_Caching_DecodingImage.app */;
			productType = "com.apple.product-type.application";
		};
/* End PBXNativeTarget section */

/* Begin PBXProject section */
		C086428123B0889A00D63544 /* Project object */ = {
			isa = PBXProject;
			attributes = {
				LastSwiftUpdateCheck = 1120;
				LastUpgradeCheck = 1120;
				ORGANIZATIONNAME = ZEUS;
				TargetAttributes = {
					C086428823B0889A00D63544 = {
						CreatedOnToolsVersion = 11.2;
					};
				};
			};
			buildConfigurationList = C086428423B0889A00D63544 /* Build configuration list for PBXProject "Downloading_Caching_DecodingImage" */;
			compatibilityVersion = "Xcode 9.3";
			developmentRegion = en;
			hasScannedForEncodings = 0;
			knownRegions = (
				en,
				Base,
			);
			mainGroup = C086428023B0889A00D63544;
			productRefGroup = C086428A23B0889A00D63544 /* Products */;
			projectDirPath = "";
			projectRoot = "";
			targets = (
				C086428823B0889A00D63544 /* Downloading_Caching_DecodingImage */,
			);
		};
/* End PBXProject section */

/* Begin PBXResourcesBuildPhase section */
		C086428723B0889A00D63544 /* Resources */ = {
			isa = PBXResourcesBuildPhase;
			buildActionMask = 2147483647;
			files = (
				C086429923B088A100D63544 /* LaunchScreen.storyboard in Resources */,
				C0F8800D23B0E1C20064FCF0 /* PhotoCollectionViewCell.xib in Resources */,
				C086429623B088A100D63544 /* Assets.xcassets in Resources */,
				C086429423B0889A00D63544 /* Main.storyboard in Resources */,
				C0F8800F23B0E4240064FCF0 /* GlacierScenics.plist in Resources */,
			);
			runOnlyForDeploymentPostprocessing = 0;
		};
/* End PBXResourcesBuildPhase section */

/* Begin PBXShellScriptBuildPhase section */
		BF0C15CAAADAE8687A87B670 /* [CP] Check Pods Manifest.lock */ = {
			isa = PBXShellScriptBuildPhase;
			buildActionMask = 2147483647;
			files = (
			);
			inputFileListPaths = (
			);
			inputPaths = (
				"${PODS_PODFILE_DIR_PATH}/Podfile.lock",
				"${PODS_ROOT}/Manifest.lock",
			);
			name = "[CP] Check Pods Manifest.lock";
			outputFileListPaths = (
			);
			outputPaths = (
				"$(DERIVED_FILE_DIR)/Pods-Downloading_Caching_DecodingImage-checkManifestLockResult.txt",
			);
			runOnlyForDeploymentPostprocessing = 0;
			shellPath = /bin/sh;
			shellScript = "diff \"${PODS_PODFILE_DIR_PATH}/Podfile.lock\" \"${PODS_ROOT}/Manifest.lock\" > /dev/null\nif [ $? != 0 ] ; then\n    # print error to STDERR\n    echo \"error: The sandbox is not in sync with the Podfile.lock. Run 'pod install' or update your CocoaPods installation.\" >&2\n    exit 1\nfi\n# This output is used by Xcode 'outputs' to avoid re-running this script phase.\necho \"SUCCESS\" > \"${SCRIPT_OUTPUT_FILE_0}\"\n";
			showEnvVarsInLog = 0;
		};
		C598DC3C6489F721A6798DF3 /* [CP] Embed Pods Frameworks */ = {
			isa = PBXShellScriptBuildPhase;
			buildActionMask = 2147483647;
			files = (
			);
			inputFileListPaths = (
				"${PODS_ROOT}/Target Support Files/Pods-Downloading_Caching_DecodingImage/Pods-Downloading_Caching_DecodingImage-frameworks-${CONFIGURATION}-input-files.xcfilelist",
			);
			name = "[CP] Embed Pods Frameworks";
			outputFileListPaths = (
				"${PODS_ROOT}/Target Support Files/Pods-Downloading_Caching_DecodingImage/Pods-Downloading_Caching_DecodingImage-frameworks-${CONFIGURATION}-output-files.xcfilelist",
			);
			runOnlyForDeploymentPostprocessing = 0;
			shellPath = /bin/sh;
			shellScript = "\"${PODS_ROOT}/Target Support Files/Pods-Downloading_Caching_DecodingImage/Pods-Downloading_Caching_DecodingImage-frameworks.sh\"\n";
			showEnvVarsInLog = 0;
		};
/* End PBXShellScriptBuildPhase section */

/* Begin PBXSourcesBuildPhase section */
		C086428523B0889A00D63544 /* Sources */ = {
			isa = PBXSourcesBuildPhase;
			buildActionMask = 2147483647;
			files = (
				C0F8801323B0E9CA0064FCF0 /* PhotosManager.swift in Sources */,
				C0F8800C23B0E1C20064FCF0 /* PhotoCollectionViewCell.swift in Sources */,
				C086428D23B0889A00D63544 /* AppDelegate.swift in Sources */,
				C0F8801523B0EBF60064FCF0 /* PhotosCollectionViewController.swift in Sources */,
				C086428F23B0889A00D63544 /* SceneDelegate.swift in Sources */,
				C0F8801123B0E9860064FCF0 /* Photo.swift in Sources */,
			);
			runOnlyForDeploymentPostprocessing = 0;
		};
/* End PBXSourcesBuildPhase section */

/* Begin PBXVariantGroup section */
		C086429223B0889A00D63544 /* Main.storyboard */ = {
			isa = PBXVariantGroup;
			children = (
				C086429323B0889A00D63544 /* Base */,
			);
			name = Main.storyboard;
			sourceTree = "<group>";
		};
		C086429723B088A100D63544 /* LaunchScreen.storyboard */ = {
			isa = PBXVariantGroup;
			children = (
				C086429823B088A100D63544 /* Base */,
			);
			name = LaunchScreen.storyboard;
			sourceTree = "<group>";
		};
/* End PBXVariantGroup section */

/* Begin XCBuildConfiguration section */
		C086429B23B088A100D63544 /* Debug */ = {
			isa = XCBuildConfiguration;
			buildSettings = {
				ALWAYS_SEARCH_USER_PATHS = NO;
				CLANG_ANALYZER_NONNULL = YES;
				CLANG_ANALYZER_NUMBER_OBJECT_CONVERSION = YES_AGGRESSIVE;
				CLANG_CXX_LANGUAGE_STANDARD = "gnu++14";
				CLANG_CXX_LIBRARY = "libc++";
				CLANG_ENABLE_MODULES = YES;
				CLANG_ENABLE_OBJC_ARC = YES;
				CLANG_ENABLE_OBJC_WEAK = YES;
				CLANG_WARN_BLOCK_CAPTURE_AUTORELEASING = YES;
				CLANG_WARN_BOOL_CONVERSION = YES;
				CLANG_WARN_COMMA = YES;
				CLANG_WARN_CONSTANT_CONVERSION = YES;
				CLANG_WARN_DEPRECATED_OBJC_IMPLEMENTATIONS = YES;
				CLANG_WARN_DIRECT_OBJC_ISA_USAGE = YES_ERROR;
				CLANG_WARN_DOCUMENTATION_COMMENTS = YES;
				CLANG_WARN_EMPTY_BODY = YES;
				CLANG_WARN_ENUM_CONVERSION = YES;
				CLANG_WARN_INFINITE_RECURSION = YES;
				CLANG_WARN_INT_CONVERSION = YES;
				CLANG_WARN_NON_LITERAL_NULL_CONVERSION = YES;
				CLANG_WARN_OBJC_IMPLICIT_RETAIN_SELF = YES;
				CLANG_WARN_OBJC_LITERAL_CONVERSION = YES;
				CLANG_WARN_OBJC_ROOT_CLASS = YES_ERROR;
				CLANG_WARN_RANGE_LOOP_ANALYSIS = YES;
				CLANG_WARN_STRICT_PROTOTYPES = YES;
				CLANG_WARN_SUSPICIOUS_MOVE = YES;
				CLANG_WARN_UNGUARDED_AVAILABILITY = YES_AGGRESSIVE;
				CLANG_WARN_UNREACHABLE_CODE = YES;
				CLANG_WARN__DUPLICATE_METHOD_MATCH = YES;
				COPY_PHASE_STRIP = NO;
				DEBUG_INFORMATION_FORMAT = dwarf;
				ENABLE_STRICT_OBJC_MSGSEND = YES;
				ENABLE_TESTABILITY = YES;
				GCC_C_LANGUAGE_STANDARD = gnu11;
				GCC_DYNAMIC_NO_PIC = NO;
				GCC_NO_COMMON_BLOCKS = YES;
				GCC_OPTIMIZATION_LEVEL = 0;
				GCC_PREPROCESSOR_DEFINITIONS = (
					"DEBUG=1",
					"$(inherited)",
				);
				GCC_WARN_64_TO_32_BIT_CONVERSION = YES;
				GCC_WARN_ABOUT_RETURN_TYPE = YES_ERROR;
				GCC_WARN_UNDECLARED_SELECTOR = YES;
				GCC_WARN_UNINITIALIZED_AUTOS = YES_AGGRESSIVE;
				GCC_WARN_UNUSED_FUNCTION = YES;
				GCC_WARN_UNUSED_VARIABLE = YES;
				IPHONEOS_DEPLOYMENT_TARGET = 13.2;
				MTL_ENABLE_DEBUG_INFO = INCLUDE_SOURCE;
				MTL_FAST_MATH = YES;
				ONLY_ACTIVE_ARCH = YES;
				SDKROOT = iphoneos;
				SWIFT_ACTIVE_COMPILATION_CONDITIONS = DEBUG;
				SWIFT_OPTIMIZATION_LEVEL = "-Onone";
			};
			name = Debug;
		};
		C086429C23B088A100D63544 /* Release */ = {
			isa = XCBuildConfiguration;
			buildSettings = {
				ALWAYS_SEARCH_USER_PATHS = NO;
				CLANG_ANALYZER_NONNULL = YES;
				CLANG_ANALYZER_NUMBER_OBJECT_CONVERSION = YES_AGGRESSIVE;
				CLANG_CXX_LANGUAGE_STANDARD = "gnu++14";
				CLANG_CXX_LIBRARY = "libc++";
				CLANG_ENABLE_MODULES = YES;
				CLANG_ENABLE_OBJC_ARC = YES;
				CLANG_ENABLE_OBJC_WEAK = YES;
				CLANG_WARN_BLOCK_CAPTURE_AUTORELEASING = YES;
				CLANG_WARN_BOOL_CONVERSION = YES;
				CLANG_WARN_COMMA = YES;
				CLANG_WARN_CONSTANT_CONVERSION = YES;
				CLANG_WARN_DEPRECATED_OBJC_IMPLEMENTATIONS = YES;
				CLANG_WARN_DIRECT_OBJC_ISA_USAGE = YES_ERROR;
				CLANG_WARN_DOCUMENTATION_COMMENTS = YES;
				CLANG_WARN_EMPTY_BODY = YES;
				CLANG_WARN_ENUM_CONVERSION = YES;
				CLANG_WARN_INFINITE_RECURSION = YES;
				CLANG_WARN_INT_CONVERSION = YES;
				CLANG_WARN_NON_LITERAL_NULL_CONVERSION = YES;
				CLANG_WARN_OBJC_IMPLICIT_RETAIN_SELF = YES;
				CLANG_WARN_OBJC_LITERAL_CONVERSION = YES;
				CLANG_WARN_OBJC_ROOT_CLASS = YES_ERROR;
				CLANG_WARN_RANGE_LOOP_ANALYSIS = YES;
				CLANG_WARN_STRICT_PROTOTYPES = YES;
				CLANG_WARN_SUSPICIOUS_MOVE = YES;
				CLANG_WARN_UNGUARDED_AVAILABILITY = YES_AGGRESSIVE;
				CLANG_WARN_UNREACHABLE_CODE = YES;
				CLANG_WARN__DUPLICATE_METHOD_MATCH = YES;
				COPY_PHASE_STRIP = NO;
				DEBUG_INFORMATION_FORMAT = "dwarf-with-dsym";
				ENABLE_NS_ASSERTIONS = NO;
				ENABLE_STRICT_OBJC_MSGSEND = YES;
				GCC_C_LANGUAGE_STANDARD = gnu11;
				GCC_NO_COMMON_BLOCKS = YES;
				GCC_WARN_64_TO_32_BIT_CONVERSION = YES;
				GCC_WARN_ABOUT_RETURN_TYPE = YES_ERROR;
				GCC_WARN_UNDECLARED_SELECTOR = YES;
				GCC_WARN_UNINITIALIZED_AUTOS = YES_AGGRESSIVE;
				GCC_WARN_UNUSED_FUNCTION = YES;
				GCC_WARN_UNUSED_VARIABLE = YES;
				IPHONEOS_DEPLOYMENT_TARGET = 13.2;
				MTL_ENABLE_DEBUG_INFO = NO;
				MTL_FAST_MATH = YES;
				SDKROOT = iphoneos;
				SWIFT_COMPILATION_MODE = wholemodule;
				SWIFT_OPTIMIZATION_LEVEL = "-O";
				VALIDATE_PRODUCT = YES;
			};
			name = Release;
		};
		C086429E23B088A100D63544 /* Debug */ = {
			isa = XCBuildConfiguration;
			baseConfigurationReference = 4279C32FC0A0F9A80D4139D8 /* Pods-Downloading_Caching_DecodingImage.debug.xcconfig */;
			buildSettings = {
				ASSETCATALOG_COMPILER_APPICON_NAME = AppIcon;
				CODE_SIGN_STYLE = Automatic;
				DEVELOPMENT_TEAM = 9T6VTX7NFQ;
				INFOPLIST_FILE = Downloading_Caching_DecodingImage/Info.plist;
				LD_RUNPATH_SEARCH_PATHS = (
					"$(inherited)",
					"@executable_path/Frameworks",
				);
				PRODUCT_BUNDLE_IDENTIFIER = "Personal.Downloading-Caching-DecodingImage";
				PRODUCT_NAME = "$(TARGET_NAME)";
				SWIFT_VERSION = 5.0;
				TARGETED_DEVICE_FAMILY = "1,2";
			};
			name = Debug;
		};
		C086429F23B088A100D63544 /* Release */ = {
			isa = XCBuildConfiguration;
			baseConfigurationReference = A9FC47B549320FF8953A9F84 /* Pods-Downloading_Caching_DecodingImage.release.xcconfig */;
			buildSettings = {
				ASSETCATALOG_COMPILER_APPICON_NAME = AppIcon;
				CODE_SIGN_STYLE = Automatic;
				DEVELOPMENT_TEAM = 9T6VTX7NFQ;
				INFOPLIST_FILE = Downloading_Caching_DecodingImage/Info.plist;
				LD_RUNPATH_SEARCH_PATHS = (
					"$(inherited)",
					"@executable_path/Frameworks",
				);
				PRODUCT_BUNDLE_IDENTIFIER = "Personal.Downloading-Caching-DecodingImage";
				PRODUCT_NAME = "$(TARGET_NAME)";
				SWIFT_VERSION = 5.0;
				TARGETED_DEVICE_FAMILY = "1,2";
			};
			name = Release;
		};
/* End XCBuildConfiguration section */

/* Begin XCConfigurationList section */
		C086428423B0889A00D63544 /* Build configuration list for PBXProject "Downloading_Caching_DecodingImage" */ = {
			isa = XCConfigurationList;
			buildConfigurations = (
				C086429B23B088A100D63544 /* Debug */,
				C086429C23B088A100D63544 /* Release */,
			);
			defaultConfigurationIsVisible = 0;
			defaultConfigurationName = Release;
		};
		C086429D23B088A100D63544 /* Build configuration list for PBXNativeTarget "Downloading_Caching_DecodingImage" */ = {
			isa = XCConfigurationList;
			buildConfigurations = (
				C086429E23B088A100D63544 /* Debug */,
				C086429F23B088A100D63544 /* Release */,
			);
			defaultConfigurationIsVisible = 0;
			defaultConfigurationName = Release;
		};
/* End XCConfigurationList section */
	};
	rootObject = C086428123B0889A00D63544 /* Project object */;
}
